
Microsoft Visual Studio Solution File, Format Version 12.00
Project("{FAE04EC0-301F-11D3-BF4B-00C04F79EFBC}") = "GameOfLife", "GameOfLife.csproj", "{2740C2E3-02D6-4157-97C3-54BCBCE8FCC6}"
EndProject
Global
	GlobalSection(SolutionConfigurationPlatforms) = preSolution
		Debug|Any CPU = Debug|Any CPU
		Release|Any CPU = Release|Any CPU
	EndGlobalSection
	GlobalSection(ProjectConfigurationPlatforms) = postSolution
		{2740C2E3-02D6-4157-97C3-54BCBCE8FCC6}.Debug|Any CPU.ActiveCfg = Debug|Any CPU
		{2740C2E3-02D6-4157-97C3-54BCBCE8FCC6}.Debug|Any CPU.Build.0 = Debug|Any CPU
		{2740C2E3-02D6-4157-97C3-54BCBCE8FCC6}.Release|Any CPU.ActiveCfg = Release|Any CPU
		{2740C2E3-02D6-4157-97C3-54BCBCE8FCC6}.Release|Any CPU.Build.0 = Release|Any CPU
	EndGlobalSection
EndGlobal
